
Microsoft Visual Studio Solution File, Format Version 12.00
# Visual Studio Version 17
VisualStudioVersion = 17.2.32616.157
MinimumVisualStudioVersion = 10.0.40219.1
Project("{FAE04EC0-301F-11D3-BF4B-00C04F79EFBC}") = "CloudStub.AzureCosmosTable", "CloudStub.AzureCosmosTable\CloudStub.AzureCosmosTable.csproj", "{7D217C2F-CB30-4F1C-9325-5EB439D82C26}"
EndProject
Project("{FAE04EC0-301F-11D3-BF4B-00C04F79EFBC}") = "CloudStub.AzureCosmosTable.Tests", "CloudStub.AzureCosmosTable.Tests\CloudStub.AzureCosmosTable.Tests.csproj", "{7277CF24-31EC-4FAE-A8D8-CBA6ACA9D892}"
EndProject
Global
	GlobalSection(SolutionConfigurationPlatforms) = preSolution
		Debug|Any CPU = Debug|Any CPU
		Release|Any CPU = Release|Any CPU
	EndGlobalSection
	GlobalSection(ProjectConfigurationPlatforms) = postSolution
		{7D217C2F-CB30-4F1C-9325-5EB439D82C26}.Debug|Any CPU.ActiveCfg = Debug|Any CPU
		{7D217C2F-CB30-4F1C-9325-5EB439D82C26}.Debug|Any CPU.Build.0 = Debug|Any CPU
		{7D217C2F-CB30-4F1C-9325-5EB439D82C26}.Release|Any CPU.ActiveCfg = Release|Any CPU
		{7D217C2F-CB30-4F1C-9325-5EB439D82C26}.Release|Any CPU.Build.0 = Release|Any CPU
		{7277CF24-31EC-4FAE-A8D8-CBA6ACA9D892}.Debug|Any CPU.ActiveCfg = Debug|Any CPU
		{7277CF24-31EC-4FAE-A8D8-CBA6ACA9D892}.Debug|Any CPU.Build.0 = Debug|Any CPU
		{7277CF24-31EC-4FAE-A8D8-CBA6ACA9D892}.Release|Any CPU.ActiveCfg = Release|Any CPU
		{7277CF24-31EC-4FAE-A8D8-CBA6ACA9D892}.Release|Any CPU.Build.0 = Release|Any CPU
	EndGlobalSection
	GlobalSection(SolutionProperties) = preSolution
		HideSolutionNode = FALSE
	EndGlobalSection
	GlobalSection(ExtensibilityGlobals) = postSolution
		SolutionGuid = {CF86A7D9-60D4-42F6-BC72-E421FA80B2D6}
	EndGlobalSection
EndGlobal
